// !$*UTF8*$!
{
	archiveVersion = 1;
	classes = {
	};
	objectVersion = 56;
	objects = {

/* Begin PBXBuildFile section */
		F7275D8829F4673C00A7387E /* MeLiChallengeApp.swift in Sources */ = {isa = PBXBuildFile; fileRef = F7275D8729F4673C00A7387E /* MeLiChallengeApp.swift */; };
		F7275D8A29F4673C00A7387E /* ContentView.swift in Sources */ = {isa = PBXBuildFile; fileRef = F7275D8929F4673C00A7387E /* ContentView.swift */; };
		F7275D8C29F4673E00A7387E /* Assets.xcassets in Resources */ = {isa = PBXBuildFile; fileRef = F7275D8B29F4673E00A7387E /* Assets.xcassets */; };
		F7275D8F29F4673E00A7387E /* Preview Assets.xcassets in Resources */ = {isa = PBXBuildFile; fileRef = F7275D8E29F4673E00A7387E /* Preview Assets.xcassets */; };
		F7275DA329F4673E00A7387E /* MeLiChallengeUITests.swift in Sources */ = {isa = PBXBuildFile; fileRef = F7275DA229F4673E00A7387E /* MeLiChallengeUITests.swift */; };
		F7275DA529F4673E00A7387E /* MeLiChallengeUITestsLaunchTests.swift in Sources */ = {isa = PBXBuildFile; fileRef = F7275DA429F4673E00A7387E /* MeLiChallengeUITestsLaunchTests.swift */; };
		F7275DD429F46B8500A7387E /* SearchProductViewModel.swift in Sources */ = {isa = PBXBuildFile; fileRef = F7275DD329F46B8500A7387E /* SearchProductViewModel.swift */; };
		F7275DD829F46BD100A7387E /* SearchProductView.swift in Sources */ = {isa = PBXBuildFile; fileRef = F7275DD729F46BD100A7387E /* SearchProductView.swift */; };
		F7275DDA29F46C8000A7387E /* ProductDetailView.swift in Sources */ = {isa = PBXBuildFile; fileRef = F7275DD929F46C8000A7387E /* ProductDetailView.swift */; };
		F7275DDC29F46C8E00A7387E /* ProductCardView.swift in Sources */ = {isa = PBXBuildFile; fileRef = F7275DDB29F46C8E00A7387E /* ProductCardView.swift */; };
		F7275DDF29F475A800A7387E /* Strings.swift in Sources */ = {isa = PBXBuildFile; fileRef = F7275DDE29F475A800A7387E /* Strings.swift */; };
		F7275DE529F476A000A7387E /* Helpers.swift in Sources */ = {isa = PBXBuildFile; fileRef = F7275DE429F476A000A7387E /* Helpers.swift */; };
		F7275DE729F4773600A7387E /* SearchProductsService.swift in Sources */ = {isa = PBXBuildFile; fileRef = F7275DE629F4773600A7387E /* SearchProductsService.swift */; };
		F7275DEB29F477B000A7387E /* SearchProductsRepository.swift in Sources */ = {isa = PBXBuildFile; fileRef = F7275DEA29F477B000A7387E /* SearchProductsRepository.swift */; };
		F7275DEF29F477DD00A7387E /* SearchProductsRepositoryImpl.swift in Sources */ = {isa = PBXBuildFile; fileRef = F7275DEE29F477DD00A7387E /* SearchProductsRepositoryImpl.swift */; };
		F7275DF229F47C8300A7387E /* ProductResponse.swift in Sources */ = {isa = PBXBuildFile; fileRef = F7275DF129F47C8300A7387E /* ProductResponse.swift */; };
		F7275DF429F47D1200A7387E /* Product.swift in Sources */ = {isa = PBXBuildFile; fileRef = F7275DF329F47D1200A7387E /* Product.swift */; };
		F7275DF829F47D9F00A7387E /* ProductResponseMapper.swift in Sources */ = {isa = PBXBuildFile; fileRef = F7275DF729F47D9F00A7387E /* ProductResponseMapper.swift */; };
		F7275DFA29F4A05000A7387E /* SearchBar.swift in Sources */ = {isa = PBXBuildFile; fileRef = F7275DF929F4A05000A7387E /* SearchBar.swift */; };
		F77C629229F5D0F800AF39BE /* AvailableFilter.swift in Sources */ = {isa = PBXBuildFile; fileRef = F77C629129F5D0F800AF39BE /* AvailableFilter.swift */; };
		F77C629429F5D11C00AF39BE /* AvailableFilterValue.swift in Sources */ = {isa = PBXBuildFile; fileRef = F77C629329F5D11C00AF39BE /* AvailableFilterValue.swift */; };
		F77C629629F5D13700AF39BE /* Attribute.swift in Sources */ = {isa = PBXBuildFile; fileRef = F77C629529F5D13700AF39BE /* Attribute.swift */; };
		F77C629829F5D15900AF39BE /* Shipping.swift in Sources */ = {isa = PBXBuildFile; fileRef = F77C629729F5D15900AF39BE /* Shipping.swift */; };
		F77C629A29F5D19200AF39BE /* Result.swift in Sources */ = {isa = PBXBuildFile; fileRef = F77C629929F5D19200AF39BE /* Result.swift */; };
		F77C629C29F5D1A200AF39BE /* Paging.swift in Sources */ = {isa = PBXBuildFile; fileRef = F77C629B29F5D1A200AF39BE /* Paging.swift */; };
		F77C629E29F5D1C300AF39BE /* Sort.swift in Sources */ = {isa = PBXBuildFile; fileRef = F77C629D29F5D1C300AF39BE /* Sort.swift */; };
		F77C62A029F5D21400AF39BE /* Filter.swift in Sources */ = {isa = PBXBuildFile; fileRef = F77C629F29F5D21400AF39BE /* Filter.swift */; };
		F77C62A229F5D22600AF39BE /* FilterValue.swift in Sources */ = {isa = PBXBuildFile; fileRef = F77C62A129F5D22600AF39BE /* FilterValue.swift */; };
		F77C62A829F5E6D300AF39BE /* MockSearchProductsRepository.swift in Sources */ = {isa = PBXBuildFile; fileRef = F77C62A729F5E6D300AF39BE /* MockSearchProductsRepository.swift */; };
		F77C62AA29F5E74E00AF39BE /* MockProductsResponse.swift in Sources */ = {isa = PBXBuildFile; fileRef = F77C62A929F5E74E00AF39BE /* MockProductsResponse.swift */; };
		F77C62AC29F5EF6C00AF39BE /* MockSearchProductService.swift in Sources */ = {isa = PBXBuildFile; fileRef = F77C62AB29F5EF6C00AF39BE /* MockSearchProductService.swift */; };
		F77C62AE29F5EFD900AF39BE /* MockProducts.swift in Sources */ = {isa = PBXBuildFile; fileRef = F77C62AD29F5EFD900AF39BE /* MockProducts.swift */; };
		F77C62B129F5F1EA00AF39BE /* SearchProductService.swift in Sources */ = {isa = PBXBuildFile; fileRef = F77C62B029F5F1EA00AF39BE /* SearchProductService.swift */; };
		F77C62B329F5F96400AF39BE /* SearchProductsServiceImpl.swift in Sources */ = {isa = PBXBuildFile; fileRef = F7275DE829F4774E00A7387E /* SearchProductsServiceImpl.swift */; };
		F77C62B529F5FC2700AF39BE /* SearchProductViewModelTests.swift in Sources */ = {isa = PBXBuildFile; fileRef = F77C62B429F5FC2600AF39BE /* SearchProductViewModelTests.swift */; };
/* End PBXBuildFile section */

/* Begin PBXContainerItemProxy section */
		F7275D9529F4673E00A7387E /* PBXContainerItemProxy */ = {
			isa = PBXContainerItemProxy;
			containerPortal = F7275D7C29F4673B00A7387E /* Project object */;
			proxyType = 1;
			remoteGlobalIDString = F7275D8329F4673B00A7387E;
			remoteInfo = "MeLi Challenge";
		};
		F7275D9F29F4673E00A7387E /* PBXContainerItemProxy */ = {
			isa = PBXContainerItemProxy;
			containerPortal = F7275D7C29F4673B00A7387E /* Project object */;
			proxyType = 1;
			remoteGlobalIDString = F7275D8329F4673B00A7387E;
			remoteInfo = "MeLi Challenge";
		};
/* End PBXContainerItemProxy section */

/* Begin PBXFileReference section */
		F7275D8429F4673B00A7387E /* MeLi Challenge.app */ = {isa = PBXFileReference; explicitFileType = wrapper.application; includeInIndex = 0; path = "MeLi Challenge.app"; sourceTree = BUILT_PRODUCTS_DIR; };
		F7275D8729F4673C00A7387E /* MeLiChallengeApp.swift */ = {isa = PBXFileReference; lastKnownFileType = sourcecode.swift; path = MeLiChallengeApp.swift; sourceTree = "<group>"; };
		F7275D8929F4673C00A7387E /* ContentView.swift */ = {isa = PBXFileReference; lastKnownFileType = sourcecode.swift; path = ContentView.swift; sourceTree = "<group>"; };
		F7275D8B29F4673E00A7387E /* Assets.xcassets */ = {isa = PBXFileReference; lastKnownFileType = folder.assetcatalog; path = Assets.xcassets; sourceTree = "<group>"; };
		F7275D8E29F4673E00A7387E /* Preview Assets.xcassets */ = {isa = PBXFileReference; lastKnownFileType = folder.assetcatalog; path = "Preview Assets.xcassets"; sourceTree = "<group>"; };
		F7275D9429F4673E00A7387E /* MeLi ChallengeTests.xctest */ = {isa = PBXFileReference; explicitFileType = wrapper.cfbundle; includeInIndex = 0; path = "MeLi ChallengeTests.xctest"; sourceTree = BUILT_PRODUCTS_DIR; };
		F7275D9E29F4673E00A7387E /* MeLi ChallengeUITests.xctest */ = {isa = PBXFileReference; explicitFileType = wrapper.cfbundle; includeInIndex = 0; path = "MeLi ChallengeUITests.xctest"; sourceTree = BUILT_PRODUCTS_DIR; };
		F7275DA229F4673E00A7387E /* MeLiChallengeUITests.swift */ = {isa = PBXFileReference; lastKnownFileType = sourcecode.swift; path = MeLiChallengeUITests.swift; sourceTree = "<group>"; };
		F7275DA429F4673E00A7387E /* MeLiChallengeUITestsLaunchTests.swift */ = {isa = PBXFileReference; lastKnownFileType = sourcecode.swift; path = MeLiChallengeUITestsLaunchTests.swift; sourceTree = "<group>"; };
		F7275DD329F46B8500A7387E /* SearchProductViewModel.swift */ = {isa = PBXFileReference; lastKnownFileType = sourcecode.swift; path = SearchProductViewModel.swift; sourceTree = "<group>"; };
		F7275DD729F46BD100A7387E /* SearchProductView.swift */ = {isa = PBXFileReference; lastKnownFileType = sourcecode.swift; path = SearchProductView.swift; sourceTree = "<group>"; };
		F7275DD929F46C8000A7387E /* ProductDetailView.swift */ = {isa = PBXFileReference; lastKnownFileType = sourcecode.swift; path = ProductDetailView.swift; sourceTree = "<group>"; };
		F7275DDB29F46C8E00A7387E /* ProductCardView.swift */ = {isa = PBXFileReference; lastKnownFileType = sourcecode.swift; path = ProductCardView.swift; sourceTree = "<group>"; };
		F7275DDE29F475A800A7387E /* Strings.swift */ = {isa = PBXFileReference; lastKnownFileType = sourcecode.swift; path = Strings.swift; sourceTree = "<group>"; };
		F7275DE429F476A000A7387E /* Helpers.swift */ = {isa = PBXFileReference; lastKnownFileType = sourcecode.swift; path = Helpers.swift; sourceTree = "<group>"; };
		F7275DE629F4773600A7387E /* SearchProductsService.swift */ = {isa = PBXFileReference; lastKnownFileType = sourcecode.swift; path = SearchProductsService.swift; sourceTree = "<group>"; };
		F7275DE829F4774E00A7387E /* SearchProductsServiceImpl.swift */ = {isa = PBXFileReference; lastKnownFileType = sourcecode.swift; path = SearchProductsServiceImpl.swift; sourceTree = "<group>"; };
		F7275DEA29F477B000A7387E /* SearchProductsRepository.swift */ = {isa = PBXFileReference; lastKnownFileType = sourcecode.swift; path = SearchProductsRepository.swift; sourceTree = "<group>"; };
		F7275DEE29F477DD00A7387E /* SearchProductsRepositoryImpl.swift */ = {isa = PBXFileReference; lastKnownFileType = sourcecode.swift; path = SearchProductsRepositoryImpl.swift; sourceTree = "<group>"; };
		F7275DF129F47C8300A7387E /* ProductResponse.swift */ = {isa = PBXFileReference; lastKnownFileType = sourcecode.swift; path = ProductResponse.swift; sourceTree = "<group>"; };
		F7275DF329F47D1200A7387E /* Product.swift */ = {isa = PBXFileReference; lastKnownFileType = sourcecode.swift; path = Product.swift; sourceTree = "<group>"; };
		F7275DF729F47D9F00A7387E /* ProductResponseMapper.swift */ = {isa = PBXFileReference; lastKnownFileType = sourcecode.swift; path = ProductResponseMapper.swift; sourceTree = "<group>"; };
		F7275DF929F4A05000A7387E /* SearchBar.swift */ = {isa = PBXFileReference; lastKnownFileType = sourcecode.swift; path = SearchBar.swift; sourceTree = "<group>"; };
		F7275DFB29F4C92F00A7387E /* MeLi-Challenge-Info.plist */ = {isa = PBXFileReference; lastKnownFileType = text.plist; path = "MeLi-Challenge-Info.plist"; sourceTree = SOURCE_ROOT; };
		F77C629129F5D0F800AF39BE /* AvailableFilter.swift */ = {isa = PBXFileReference; lastKnownFileType = sourcecode.swift; path = AvailableFilter.swift; sourceTree = "<group>"; };
		F77C629329F5D11C00AF39BE /* AvailableFilterValue.swift */ = {isa = PBXFileReference; lastKnownFileType = sourcecode.swift; path = AvailableFilterValue.swift; sourceTree = "<group>"; };
		F77C629529F5D13700AF39BE /* Attribute.swift */ = {isa = PBXFileReference; lastKnownFileType = sourcecode.swift; path = Attribute.swift; sourceTree = "<group>"; };
		F77C629729F5D15900AF39BE /* Shipping.swift */ = {isa = PBXFileReference; lastKnownFileType = sourcecode.swift; path = Shipping.swift; sourceTree = "<group>"; };
		F77C629929F5D19200AF39BE /* Result.swift */ = {isa = PBXFileReference; lastKnownFileType = sourcecode.swift; path = Result.swift; sourceTree = "<group>"; };
		F77C629B29F5D1A200AF39BE /* Paging.swift */ = {isa = PBXFileReference; lastKnownFileType = sourcecode.swift; path = Paging.swift; sourceTree = "<group>"; };
		F77C629D29F5D1C300AF39BE /* Sort.swift */ = {isa = PBXFileReference; lastKnownFileType = sourcecode.swift; path = Sort.swift; sourceTree = "<group>"; };
		F77C629F29F5D21400AF39BE /* Filter.swift */ = {isa = PBXFileReference; lastKnownFileType = sourcecode.swift; path = Filter.swift; sourceTree = "<group>"; };
		F77C62A129F5D22600AF39BE /* FilterValue.swift */ = {isa = PBXFileReference; lastKnownFileType = sourcecode.swift; path = FilterValue.swift; sourceTree = "<group>"; };
		F77C62A729F5E6D300AF39BE /* MockSearchProductsRepository.swift */ = {isa = PBXFileReference; lastKnownFileType = sourcecode.swift; path = MockSearchProductsRepository.swift; sourceTree = "<group>"; };
		F77C62A929F5E74E00AF39BE /* MockProductsResponse.swift */ = {isa = PBXFileReference; lastKnownFileType = sourcecode.swift; path = MockProductsResponse.swift; sourceTree = "<group>"; };
		F77C62AB29F5EF6C00AF39BE /* MockSearchProductService.swift */ = {isa = PBXFileReference; lastKnownFileType = sourcecode.swift; path = MockSearchProductService.swift; sourceTree = "<group>"; };
		F77C62AD29F5EFD900AF39BE /* MockProducts.swift */ = {isa = PBXFileReference; lastKnownFileType = sourcecode.swift; path = MockProducts.swift; sourceTree = "<group>"; };
		F77C62B029F5F1EA00AF39BE /* SearchProductService.swift */ = {isa = PBXFileReference; lastKnownFileType = sourcecode.swift; path = SearchProductService.swift; sourceTree = "<group>"; };
		F77C62B429F5FC2600AF39BE /* SearchProductViewModelTests.swift */ = {isa = PBXFileReference; lastKnownFileType = sourcecode.swift; path = SearchProductViewModelTests.swift; sourceTree = "<group>"; };
		F7AB199229F75BFE00FEEA86 /* MeLi Challenge.xctestplan */ = {isa = PBXFileReference; lastKnownFileType = text; path = "MeLi Challenge.xctestplan"; sourceTree = "<group>"; };
/* End PBXFileReference section */

/* Begin PBXFrameworksBuildPhase section */
		F7275D8129F4673B00A7387E /* Frameworks */ = {
			isa = PBXFrameworksBuildPhase;
			buildActionMask = 2147483647;
			files = (
			);
			runOnlyForDeploymentPostprocessing = 0;
		};
		F7275D9129F4673E00A7387E /* Frameworks */ = {
			isa = PBXFrameworksBuildPhase;
			buildActionMask = 2147483647;
			files = (
			);
			runOnlyForDeploymentPostprocessing = 0;
		};
		F7275D9B29F4673E00A7387E /* Frameworks */ = {
			isa = PBXFrameworksBuildPhase;
			buildActionMask = 2147483647;
			files = (
			);
			runOnlyForDeploymentPostprocessing = 0;
		};
/* End PBXFrameworksBuildPhase section */

/* Begin PBXGroup section */
		F7275D7B29F4673B00A7387E = {
			isa = PBXGroup;
			children = (
				F7275D8629F4673B00A7387E /* MeLi Challenge */,
				F7275D9729F4673E00A7387E /* MeLi ChallengeTests */,
				F7275DA129F4673E00A7387E /* MeLi ChallengeUITests */,
				F7AB199229F75BFE00FEEA86 /* MeLi Challenge.xctestplan */,
				F7275D8529F4673B00A7387E /* Products */,
			);
			sourceTree = "<group>";
		};
		F7275D8529F4673B00A7387E /* Products */ = {
			isa = PBXGroup;
			children = (
				F7275D8429F4673B00A7387E /* MeLi Challenge.app */,
				F7275D9429F4673E00A7387E /* MeLi ChallengeTests.xctest */,
				F7275D9E29F4673E00A7387E /* MeLi ChallengeUITests.xctest */,
			);
			name = Products;
			sourceTree = "<group>";
		};
		F7275D8629F4673B00A7387E /* MeLi Challenge */ = {
			isa = PBXGroup;
			children = (
				F7275DFB29F4C92F00A7387E /* MeLi-Challenge-Info.plist */,
				F7275DD129F46B2600A7387E /* Presentation */,
				F7275DE129F4763300A7387E /* Domain */,
				F7275DE029F4762E00A7387E /* Data */,
				F7275DDD29F4759100A7387E /* Commons */,
				F7275D8729F4673C00A7387E /* MeLiChallengeApp.swift */,
				F7275D8929F4673C00A7387E /* ContentView.swift */,
				F7275D8B29F4673E00A7387E /* Assets.xcassets */,
				F7275D8D29F4673E00A7387E /* Preview Content */,
			);
			path = "MeLi Challenge";
			sourceTree = "<group>";
		};
		F7275D8D29F4673E00A7387E /* Preview Content */ = {
			isa = PBXGroup;
			children = (
				F7275D8E29F4673E00A7387E /* Preview Assets.xcassets */,
			);
			path = "Preview Content";
			sourceTree = "<group>";
		};
		F7275D9729F4673E00A7387E /* MeLi ChallengeTests */ = {
			isa = PBXGroup;
			children = (
				F77C62AF29F5F1CA00AF39BE /* Service */,
				F77C62A629F5E6B800AF39BE /* Mocks */,
			);
			path = "MeLi ChallengeTests";
			sourceTree = "<group>";
		};
		F7275DA129F4673E00A7387E /* MeLi ChallengeUITests */ = {
			isa = PBXGroup;
			children = (
				F7275DA229F4673E00A7387E /* MeLiChallengeUITests.swift */,
				F7275DA429F4673E00A7387E /* MeLiChallengeUITestsLaunchTests.swift */,
			);
			path = "MeLi ChallengeUITests";
			sourceTree = "<group>";
		};
		F7275DD129F46B2600A7387E /* Presentation */ = {
			isa = PBXGroup;
			children = (
				F7275DD629F46BC300A7387E /* UI */,
				F7275DD229F46B3500A7387E /* ViewModel */,
			);
			path = Presentation;
			sourceTree = "<group>";
		};
		F7275DD229F46B3500A7387E /* ViewModel */ = {
			isa = PBXGroup;
			children = (
				F7275DD329F46B8500A7387E /* SearchProductViewModel.swift */,
			);
			path = ViewModel;
			sourceTree = "<group>";
		};
		F7275DD629F46BC300A7387E /* UI */ = {
			isa = PBXGroup;
			children = (
				F7275DD729F46BD100A7387E /* SearchProductView.swift */,
				F7275DD929F46C8000A7387E /* ProductDetailView.swift */,
				F7275DDB29F46C8E00A7387E /* ProductCardView.swift */,
				F7275DF929F4A05000A7387E /* SearchBar.swift */,
			);
			path = UI;
			sourceTree = "<group>";
		};
		F7275DDD29F4759100A7387E /* Commons */ = {
			isa = PBXGroup;
			children = (
				F7275DDE29F475A800A7387E /* Strings.swift */,
				F7275DE429F476A000A7387E /* Helpers.swift */,
			);
			path = Commons;
			sourceTree = "<group>";
		};
		F7275DE029F4762E00A7387E /* Data */ = {
			isa = PBXGroup;
			children = (
				F7275DF629F47D4900A7387E /* Models */,
				F7275DF529F47D4300A7387E /* Mappers */,
				F7275DE329F4767800A7387E /* Repository */,
				F7275DE229F4766E00A7387E /* Service */,
			);
			path = Data;
			sourceTree = "<group>";
		};
		F7275DE129F4763300A7387E /* Domain */ = {
			isa = PBXGroup;
			children = (
				F7275DF029F47C7800A7387E /* Models */,
			);
			path = Domain;
			sourceTree = "<group>";
		};
		F7275DE229F4766E00A7387E /* Service */ = {
			isa = PBXGroup;
			children = (
				F7275DE629F4773600A7387E /* SearchProductsService.swift */,
				F7275DE829F4774E00A7387E /* SearchProductsServiceImpl.swift */,
			);
			path = Service;
			sourceTree = "<group>";
		};
		F7275DE329F4767800A7387E /* Repository */ = {
			isa = PBXGroup;
			children = (
				F7275DEA29F477B000A7387E /* SearchProductsRepository.swift */,
				F7275DEE29F477DD00A7387E /* SearchProductsRepositoryImpl.swift */,
			);
			path = Repository;
			sourceTree = "<group>";
		};
		F7275DF029F47C7800A7387E /* Models */ = {
			isa = PBXGroup;
			children = (
				F7275DF329F47D1200A7387E /* Product.swift */,
			);
			path = Models;
			sourceTree = "<group>";
		};
		F7275DF529F47D4300A7387E /* Mappers */ = {
			isa = PBXGroup;
			children = (
				F7275DF729F47D9F00A7387E /* ProductResponseMapper.swift */,
			);
			path = Mappers;
			sourceTree = "<group>";
		};
		F7275DF629F47D4900A7387E /* Models */ = {
			isa = PBXGroup;
			children = (
				F7275DF129F47C8300A7387E /* ProductResponse.swift */,
				F77C629B29F5D1A200AF39BE /* Paging.swift */,
				F77C629929F5D19200AF39BE /* Result.swift */,
				F77C629729F5D15900AF39BE /* Shipping.swift */,
				F77C629529F5D13700AF39BE /* Attribute.swift */,
				F77C629D29F5D1C300AF39BE /* Sort.swift */,
				F77C629129F5D0F800AF39BE /* AvailableFilter.swift */,
				F77C629329F5D11C00AF39BE /* AvailableFilterValue.swift */,
				F77C629F29F5D21400AF39BE /* Filter.swift */,
				F77C62A129F5D22600AF39BE /* FilterValue.swift */,
			);
			path = Models;
			sourceTree = "<group>";
		};
		F77C62A629F5E6B800AF39BE /* Mocks */ = {
			isa = PBXGroup;
			children = (
				F77C62A929F5E74E00AF39BE /* MockProductsResponse.swift */,
				F77C62A729F5E6D300AF39BE /* MockSearchProductsRepository.swift */,
				F77C62AB29F5EF6C00AF39BE /* MockSearchProductService.swift */,
				F77C62AD29F5EFD900AF39BE /* MockProducts.swift */,
			);
			path = Mocks;
			sourceTree = "<group>";
		};
		F77C62AF29F5F1CA00AF39BE /* Service */ = {
			isa = PBXGroup;
			children = (
				F77C62B029F5F1EA00AF39BE /* SearchProductService.swift */,
				F77C62B429F5FC2600AF39BE /* SearchProductViewModelTests.swift */,
			);
			path = Service;
			sourceTree = "<group>";
		};
/* End PBXGroup section */

/* Begin PBXNativeTarget section */
		F7275D8329F4673B00A7387E /* MeLi Challenge */ = {
			isa = PBXNativeTarget;
			buildConfigurationList = F7275DA829F4673E00A7387E /* Build configuration list for PBXNativeTarget "MeLi Challenge" */;
			buildPhases = (
				F7275D8029F4673B00A7387E /* Sources */,
				F7275D8129F4673B00A7387E /* Frameworks */,
				F7275D8229F4673B00A7387E /* Resources */,
				F77C62A529F5E59900AF39BE /* ShellScript */,
			);
			buildRules = (
			);
			dependencies = (
			);
			name = "MeLi Challenge";
			productName = "MeLi Challenge";
			productReference = F7275D8429F4673B00A7387E /* MeLi Challenge.app */;
			productType = "com.apple.product-type.application";
		};
		F7275D9329F4673E00A7387E /* MeLi ChallengeTests */ = {
			isa = PBXNativeTarget;
			buildConfigurationList = F7275DAB29F4673E00A7387E /* Build configuration list for PBXNativeTarget "MeLi ChallengeTests" */;
			buildPhases = (
				F7275D9029F4673E00A7387E /* Sources */,
				F7275D9129F4673E00A7387E /* Frameworks */,
				F7275D9229F4673E00A7387E /* Resources */,
			);
			buildRules = (
			);
			dependencies = (
				F7275D9629F4673E00A7387E /* PBXTargetDependency */,
			);
			name = "MeLi ChallengeTests";
			productName = "MeLi ChallengeTests";
			productReference = F7275D9429F4673E00A7387E /* MeLi ChallengeTests.xctest */;
			productType = "com.apple.product-type.bundle.unit-test";
		};
		F7275D9D29F4673E00A7387E /* MeLi ChallengeUITests */ = {
			isa = PBXNativeTarget;
			buildConfigurationList = F7275DAE29F4673E00A7387E /* Build configuration list for PBXNativeTarget "MeLi ChallengeUITests" */;
			buildPhases = (
				F7275D9A29F4673E00A7387E /* Sources */,
				F7275D9B29F4673E00A7387E /* Frameworks */,
				F7275D9C29F4673E00A7387E /* Resources */,
			);
			buildRules = (
			);
			dependencies = (
				F7275DA029F4673E00A7387E /* PBXTargetDependency */,
			);
			name = "MeLi ChallengeUITests";
			productName = "MeLi ChallengeUITests";
			productReference = F7275D9E29F4673E00A7387E /* MeLi ChallengeUITests.xctest */;
			productType = "com.apple.product-type.bundle.ui-testing";
		};
/* End PBXNativeTarget section */

/* Begin PBXProject section */
		F7275D7C29F4673B00A7387E /* Project object */ = {
			isa = PBXProject;
			attributes = {
				BuildIndependentTargetsInParallel = 1;
				LastSwiftUpdateCheck = 1430;
				LastUpgradeCheck = 1430;
				TargetAttributes = {
					F7275D8329F4673B00A7387E = {
						CreatedOnToolsVersion = 14.3;
					};
					F7275D9329F4673E00A7387E = {
						CreatedOnToolsVersion = 14.3;
						TestTargetID = F7275D8329F4673B00A7387E;
					};
					F7275D9D29F4673E00A7387E = {
						CreatedOnToolsVersion = 14.3;
						TestTargetID = F7275D8329F4673B00A7387E;
					};
				};
			};
			buildConfigurationList = F7275D7F29F4673B00A7387E /* Build configuration list for PBXProject "MeLi Challenge" */;
			compatibilityVersion = "Xcode 14.0";
			developmentRegion = en;
			hasScannedForEncodings = 0;
			knownRegions = (
				en,
				Base,
			);
			mainGroup = F7275D7B29F4673B00A7387E;
			productRefGroup = F7275D8529F4673B00A7387E /* Products */;
			projectDirPath = "";
			projectRoot = "";
			targets = (
				F7275D8329F4673B00A7387E /* MeLi Challenge */,
				F7275D9329F4673E00A7387E /* MeLi ChallengeTests */,
				F7275D9D29F4673E00A7387E /* MeLi ChallengeUITests */,
			);
		};
/* End PBXProject section */

/* Begin PBXResourcesBuildPhase section */
		F7275D8229F4673B00A7387E /* Resources */ = {
			isa = PBXResourcesBuildPhase;
			buildActionMask = 2147483647;
			files = (
				F7275D8F29F4673E00A7387E /* Preview Assets.xcassets in Resources */,
				F7275D8C29F4673E00A7387E /* Assets.xcassets in Resources */,
			);
			runOnlyForDeploymentPostprocessing = 0;
		};
		F7275D9229F4673E00A7387E /* Resources */ = {
			isa = PBXResourcesBuildPhase;
			buildActionMask = 2147483647;
			files = (
			);
			runOnlyForDeploymentPostprocessing = 0;
		};
		F7275D9C29F4673E00A7387E /* Resources */ = {
			isa = PBXResourcesBuildPhase;
			buildActionMask = 2147483647;
			files = (
			);
			runOnlyForDeploymentPostprocessing = 0;
		};
/* End PBXResourcesBuildPhase section */

/* Begin PBXShellScriptBuildPhase section */
		F77C62A529F5E59900AF39BE /* ShellScript */ = {
			isa = PBXShellScriptBuildPhase;
			alwaysOutOfDate = 1;
			buildActionMask = 2147483647;
			files = (
			);
			inputFileListPaths = (
			);
			inputPaths = (
			);
			outputFileListPaths = (
			);
			outputPaths = (
			);
			runOnlyForDeploymentPostprocessing = 0;
			shellPath = /bin/sh;
			shellScript = "if [[ \"$(uname -m)\" == arm64 ]]; then\n    export PATH=\"/opt/homebrew/bin:$PATH\"\nfi\n\nif which swiftlint > /dev/null; then\n  swiftlint\nelse\n  echo \"warning: SwiftLint not installed, download from https://github.com/realm/SwiftLint\"\nfi\n";
		};
/* End PBXShellScriptBuildPhase section */

/* Begin PBXSourcesBuildPhase section */
		F7275D8029F4673B00A7387E /* Sources */ = {
			isa = PBXSourcesBuildPhase;
			buildActionMask = 2147483647;
			files = (
				F77C629629F5D13700AF39BE /* Attribute.swift in Sources */,
				F7275DDC29F46C8E00A7387E /* ProductCardView.swift in Sources */,
				F7275DD829F46BD100A7387E /* SearchProductView.swift in Sources */,
				F7275DF829F47D9F00A7387E /* ProductResponseMapper.swift in Sources */,
				F77C629429F5D11C00AF39BE /* AvailableFilterValue.swift in Sources */,
				F7275DDA29F46C8000A7387E /* ProductDetailView.swift in Sources */,
				F77C62A229F5D22600AF39BE /* FilterValue.swift in Sources */,
				F77C629829F5D15900AF39BE /* Shipping.swift in Sources */,
				F77C62B329F5F96400AF39BE /* SearchProductsServiceImpl.swift in Sources */,
				F7275DFA29F4A05000A7387E /* SearchBar.swift in Sources */,
				F77C629C29F5D1A200AF39BE /* Paging.swift in Sources */,
				F7275DE529F476A000A7387E /* Helpers.swift in Sources */,
				F7275DF429F47D1200A7387E /* Product.swift in Sources */,
				F7275DD429F46B8500A7387E /* SearchProductViewModel.swift in Sources */,
				F77C62A029F5D21400AF39BE /* Filter.swift in Sources */,
				F7275DE729F4773600A7387E /* SearchProductsService.swift in Sources */,
				F7275D8A29F4673C00A7387E /* ContentView.swift in Sources */,
				F7275DF229F47C8300A7387E /* ProductResponse.swift in Sources */,
				F77C629229F5D0F800AF39BE /* AvailableFilter.swift in Sources */,
				F7275D8829F4673C00A7387E /* MeLiChallengeApp.swift in Sources */,
				F7275DEF29F477DD00A7387E /* SearchProductsRepositoryImpl.swift in Sources */,
				F77C629E29F5D1C300AF39BE /* Sort.swift in Sources */,
				F77C629A29F5D19200AF39BE /* Result.swift in Sources */,
				F7275DEB29F477B000A7387E /* SearchProductsRepository.swift in Sources */,
				F7275DDF29F475A800A7387E /* Strings.swift in Sources */,
			);
			runOnlyForDeploymentPostprocessing = 0;
		};
		F7275D9029F4673E00A7387E /* Sources */ = {
			isa = PBXSourcesBuildPhase;
			buildActionMask = 2147483647;
			files = (
				F77C62AE29F5EFD900AF39BE /* MockProducts.swift in Sources */,
				F77C62B529F5FC2700AF39BE /* SearchProductViewModelTests.swift in Sources */,
				F77C62A829F5E6D300AF39BE /* MockSearchProductsRepository.swift in Sources */,
				F77C62AA29F5E74E00AF39BE /* MockProductsResponse.swift in Sources */,
				F77C62AC29F5EF6C00AF39BE /* MockSearchProductService.swift in Sources */,
				F77C62B129F5F1EA00AF39BE /* SearchProductService.swift in Sources */,
			);
			runOnlyForDeploymentPostprocessing = 0;
		};
		F7275D9A29F4673E00A7387E /* Sources */ = {
			isa = PBXSourcesBuildPhase;
			buildActionMask = 2147483647;
			files = (
				F7275DA329F4673E00A7387E /* MeLiChallengeUITests.swift in Sources */,
				F7275DA529F4673E00A7387E /* MeLiChallengeUITestsLaunchTests.swift in Sources */,
			);
			runOnlyForDeploymentPostprocessing = 0;
		};
/* End PBXSourcesBuildPhase section */

/* Begin PBXTargetDependency section */
		F7275D9629F4673E00A7387E /* PBXTargetDependency */ = {
			isa = PBXTargetDependency;
			target = F7275D8329F4673B00A7387E /* MeLi Challenge */;
			targetProxy = F7275D9529F4673E00A7387E /* PBXContainerItemProxy */;
		};
		F7275DA029F4673E00A7387E /* PBXTargetDependency */ = {
			isa = PBXTargetDependency;
			target = F7275D8329F4673B00A7387E /* MeLi Challenge */;
			targetProxy = F7275D9F29F4673E00A7387E /* PBXContainerItemProxy */;
		};
/* End PBXTargetDependency section */

/* Begin XCBuildConfiguration section */
		F7275DA629F4673E00A7387E /* Debug */ = {
			isa = XCBuildConfiguration;
			buildSettings = {
				ALWAYS_SEARCH_USER_PATHS = NO;
				CLANG_ANALYZER_NONNULL = YES;
				CLANG_ANALYZER_NUMBER_OBJECT_CONVERSION = YES_AGGRESSIVE;
				CLANG_CXX_LANGUAGE_STANDARD = "gnu++20";
				CLANG_ENABLE_MODULES = YES;
				CLANG_ENABLE_OBJC_ARC = YES;
				CLANG_ENABLE_OBJC_WEAK = YES;
				CLANG_WARN_BLOCK_CAPTURE_AUTORELEASING = YES;
				CLANG_WARN_BOOL_CONVERSION = YES;
				CLANG_WARN_COMMA = YES;
				CLANG_WARN_CONSTANT_CONVERSION = YES;
				CLANG_WARN_DEPRECATED_OBJC_IMPLEMENTATIONS = YES;
				CLANG_WARN_DIRECT_OBJC_ISA_USAGE = YES_ERROR;
				CLANG_WARN_DOCUMENTATION_COMMENTS = YES;
				CLANG_WARN_EMPTY_BODY = YES;
				CLANG_WARN_ENUM_CONVERSION = YES;
				CLANG_WARN_INFINITE_RECURSION = YES;
				CLANG_WARN_INT_CONVERSION = YES;
				CLANG_WARN_NON_LITERAL_NULL_CONVERSION = YES;
				CLANG_WARN_OBJC_IMPLICIT_RETAIN_SELF = YES;
				CLANG_WARN_OBJC_LITERAL_CONVERSION = YES;
				CLANG_WARN_OBJC_ROOT_CLASS = YES_ERROR;
				CLANG_WARN_QUOTED_INCLUDE_IN_FRAMEWORK_HEADER = YES;
				CLANG_WARN_RANGE_LOOP_ANALYSIS = YES;
				CLANG_WARN_STRICT_PROTOTYPES = YES;
				CLANG_WARN_SUSPICIOUS_MOVE = YES;
				CLANG_WARN_UNGUARDED_AVAILABILITY = YES_AGGRESSIVE;
				CLANG_WARN_UNREACHABLE_CODE = YES;
				CLANG_WARN__DUPLICATE_METHOD_MATCH = YES;
				COPY_PHASE_STRIP = NO;
				DEBUG_INFORMATION_FORMAT = dwarf;
				ENABLE_STRICT_OBJC_MSGSEND = YES;
				ENABLE_TESTABILITY = YES;
				GCC_C_LANGUAGE_STANDARD = gnu11;
				GCC_DYNAMIC_NO_PIC = NO;
				GCC_NO_COMMON_BLOCKS = YES;
				GCC_OPTIMIZATION_LEVEL = 0;
				GCC_PREPROCESSOR_DEFINITIONS = (
					"DEBUG=1",
					"$(inherited)",
				);
				GCC_WARN_64_TO_32_BIT_CONVERSION = YES;
				GCC_WARN_ABOUT_RETURN_TYPE = YES_ERROR;
				GCC_WARN_UNDECLARED_SELECTOR = YES;
				GCC_WARN_UNINITIALIZED_AUTOS = YES_AGGRESSIVE;
				GCC_WARN_UNUSED_FUNCTION = YES;
				GCC_WARN_UNUSED_VARIABLE = YES;
				IPHONEOS_DEPLOYMENT_TARGET = 16.4;
				MTL_ENABLE_DEBUG_INFO = INCLUDE_SOURCE;
				MTL_FAST_MATH = YES;
				ONLY_ACTIVE_ARCH = YES;
				SDKROOT = iphoneos;
				SWIFT_ACTIVE_COMPILATION_CONDITIONS = DEBUG;
				SWIFT_OPTIMIZATION_LEVEL = "-Onone";
			};
			name = Debug;
		};
		F7275DA729F4673E00A7387E /* Release */ = {
			isa = XCBuildConfiguration;
			buildSettings = {
				ALWAYS_SEARCH_USER_PATHS = NO;
				CLANG_ANALYZER_NONNULL = YES;
				CLANG_ANALYZER_NUMBER_OBJECT_CONVERSION = YES_AGGRESSIVE;
				CLANG_CXX_LANGUAGE_STANDARD = "gnu++20";
				CLANG_ENABLE_MODULES = YES;
				CLANG_ENABLE_OBJC_ARC = YES;
				CLANG_ENABLE_OBJC_WEAK = YES;
				CLANG_WARN_BLOCK_CAPTURE_AUTORELEASING = YES;
				CLANG_WARN_BOOL_CONVERSION = YES;
				CLANG_WARN_COMMA = YES;
				CLANG_WARN_CONSTANT_CONVERSION = YES;
				CLANG_WARN_DEPRECATED_OBJC_IMPLEMENTATIONS = YES;
				CLANG_WARN_DIRECT_OBJC_ISA_USAGE = YES_ERROR;
				CLANG_WARN_DOCUMENTATION_COMMENTS = YES;
				CLANG_WARN_EMPTY_BODY = YES;
				CLANG_WARN_ENUM_CONVERSION = YES;
				CLANG_WARN_INFINITE_RECURSION = YES;
				CLANG_WARN_INT_CONVERSION = YES;
				CLANG_WARN_NON_LITERAL_NULL_CONVERSION = YES;
				CLANG_WARN_OBJC_IMPLICIT_RETAIN_SELF = YES;
				CLANG_WARN_OBJC_LITERAL_CONVERSION = YES;
				CLANG_WARN_OBJC_ROOT_CLASS = YES_ERROR;
				CLANG_WARN_QUOTED_INCLUDE_IN_FRAMEWORK_HEADER = YES;
				CLANG_WARN_RANGE_LOOP_ANALYSIS = YES;
				CLANG_WARN_STRICT_PROTOTYPES = YES;
				CLANG_WARN_SUSPICIOUS_MOVE = YES;
				CLANG_WARN_UNGUARDED_AVAILABILITY = YES_AGGRESSIVE;
				CLANG_WARN_UNREACHABLE_CODE = YES;
				CLANG_WARN__DUPLICATE_METHOD_MATCH = YES;
				COPY_PHASE_STRIP = NO;
				DEBUG_INFORMATION_FORMAT = "dwarf-with-dsym";
				ENABLE_NS_ASSERTIONS = NO;
				ENABLE_STRICT_OBJC_MSGSEND = YES;
				GCC_C_LANGUAGE_STANDARD = gnu11;
				GCC_NO_COMMON_BLOCKS = YES;
				GCC_WARN_64_TO_32_BIT_CONVERSION = YES;
				GCC_WARN_ABOUT_RETURN_TYPE = YES_ERROR;
				GCC_WARN_UNDECLARED_SELECTOR = YES;
				GCC_WARN_UNINITIALIZED_AUTOS = YES_AGGRESSIVE;
				GCC_WARN_UNUSED_FUNCTION = YES;
				GCC_WARN_UNUSED_VARIABLE = YES;
				IPHONEOS_DEPLOYMENT_TARGET = 16.4;
				MTL_ENABLE_DEBUG_INFO = NO;
				MTL_FAST_MATH = YES;
				SDKROOT = iphoneos;
				SWIFT_COMPILATION_MODE = wholemodule;
				SWIFT_OPTIMIZATION_LEVEL = "-O";
				VALIDATE_PRODUCT = YES;
			};
			name = Release;
		};
		F7275DA929F4673E00A7387E /* Debug */ = {
			isa = XCBuildConfiguration;
			buildSettings = {
				ASSETCATALOG_COMPILER_APPICON_NAME = AppIcon;
				ASSETCATALOG_COMPILER_GLOBAL_ACCENT_COLOR_NAME = AccentColor;
				CODE_SIGN_STYLE = Automatic;
				CURRENT_PROJECT_VERSION = 1;
				DEVELOPMENT_ASSET_PATHS = "\"MeLi Challenge/Preview Content\"";
				DEVELOPMENT_TEAM = VQ4VPY8WKD;
				ENABLE_PREVIEWS = YES;
				GENERATE_INFOPLIST_FILE = YES;
				INFOPLIST_FILE = "MeLi-Challenge-Info.plist";
				INFOPLIST_KEY_UIApplicationSceneManifest_Generation = YES;
				INFOPLIST_KEY_UIApplicationSupportsIndirectInputEvents = YES;
				INFOPLIST_KEY_UILaunchScreen_Generation = YES;
				INFOPLIST_KEY_UISupportedInterfaceOrientations_iPad = "UIInterfaceOrientationPortrait UIInterfaceOrientationPortraitUpsideDown UIInterfaceOrientationLandscapeLeft UIInterfaceOrientationLandscapeRight";
				INFOPLIST_KEY_UISupportedInterfaceOrientations_iPhone = UIInterfaceOrientationPortrait;
				LD_RUNPATH_SEARCH_PATHS = (
					"$(inherited)",
					"@executable_path/Frameworks",
				);
				MARKETING_VERSION = 1.0;
				PRODUCT_BUNDLE_IDENTIFIER = "com.bobrek.MeLi-Challenge";
				PRODUCT_NAME = "$(TARGET_NAME)";
				SWIFT_EMIT_LOC_STRINGS = YES;
				SWIFT_VERSION = 5.0;
				TARGETED_DEVICE_FAMILY = "1,2";
			};
			name = Debug;
		};
		F7275DAA29F4673E00A7387E /* Release */ = {
			isa = XCBuildConfiguration;
			buildSettings = {
				ASSETCATALOG_COMPILER_APPICON_NAME = AppIcon;
				ASSETCATALOG_COMPILER_GLOBAL_ACCENT_COLOR_NAME = AccentColor;
				CODE_SIGN_STYLE = Automatic;
				CURRENT_PROJECT_VERSION = 1;
				DEVELOPMENT_ASSET_PATHS = "\"MeLi Challenge/Preview Content\"";
				DEVELOPMENT_TEAM = VQ4VPY8WKD;
				ENABLE_PREVIEWS = YES;
				GENERATE_INFOPLIST_FILE = YES;
				INFOPLIST_FILE = "MeLi-Challenge-Info.plist";
				INFOPLIST_KEY_UIApplicationSceneManifest_Generation = YES;
				INFOPLIST_KEY_UIApplicationSupportsIndirectInputEvents = YES;
				INFOPLIST_KEY_UILaunchScreen_Generation = YES;
				INFOPLIST_KEY_UISupportedInterfaceOrientations_iPad = "UIInterfaceOrientationPortrait UIInterfaceOrientationPortraitUpsideDown UIInterfaceOrientationLandscapeLeft UIInterfaceOrientationLandscapeRight";
				INFOPLIST_KEY_UISupportedInterfaceOrientations_iPhone = UIInterfaceOrientationPortrait;
				LD_RUNPATH_SEARCH_PATHS = (
					"$(inherited)",
					"@executable_path/Frameworks",
				);
				MARKETING_VERSION = 1.0;
				PRODUCT_BUNDLE_IDENTIFIER = "com.bobrek.MeLi-Challenge";
				PRODUCT_NAME = "$(TARGET_NAME)";
				SWIFT_EMIT_LOC_STRINGS = YES;
				SWIFT_VERSION = 5.0;
				TARGETED_DEVICE_FAMILY = "1,2";
			};
			name = Release;
		};
		F7275DAC29F4673E00A7387E /* Debug */ = {
			isa = XCBuildConfiguration;
			buildSettings = {
				ALWAYS_EMBED_SWIFT_STANDARD_LIBRARIES = YES;
				BUNDLE_LOADER = "$(TEST_HOST)";
				CODE_SIGN_STYLE = Automatic;
				CURRENT_PROJECT_VERSION = 1;
				DEVELOPMENT_TEAM = VQ4VPY8WKD;
				GENERATE_INFOPLIST_FILE = YES;
				IPHONEOS_DEPLOYMENT_TARGET = 16.4;
				MARKETING_VERSION = 1.0;
				PRODUCT_BUNDLE_IDENTIFIER = "com.bobrek.MeLi-ChallengeTests";
				PRODUCT_NAME = "$(TARGET_NAME)";
				SWIFT_EMIT_LOC_STRINGS = NO;
				SWIFT_VERSION = 5.0;
				TARGETED_DEVICE_FAMILY = "1,2";
				TEST_HOST = "$(BUILT_PRODUCTS_DIR)/MeLi Challenge.app/$(BUNDLE_EXECUTABLE_FOLDER_PATH)/MeLi Challenge";
			};
			name = Debug;
		};
		F7275DAD29F4673E00A7387E /* Release */ = {
			isa = XCBuildConfiguration;
			buildSettings = {
				ALWAYS_EMBED_SWIFT_STANDARD_LIBRARIES = YES;
				BUNDLE_LOADER = "$(TEST_HOST)";
				CODE_SIGN_STYLE = Automatic;
				CURRENT_PROJECT_VERSION = 1;
				DEVELOPMENT_TEAM = VQ4VPY8WKD;
				GENERATE_INFOPLIST_FILE = YES;
				IPHONEOS_DEPLOYMENT_TARGET = 16.4;
				MARKETING_VERSION = 1.0;
				PRODUCT_BUNDLE_IDENTIFIER = "com.bobrek.MeLi-ChallengeTests";
				PRODUCT_NAME = "$(TARGET_NAME)";
				SWIFT_EMIT_LOC_STRINGS = NO;
				SWIFT_VERSION = 5.0;
				TARGETED_DEVICE_FAMILY = "1,2";
				TEST_HOST = "$(BUILT_PRODUCTS_DIR)/MeLi Challenge.app/$(BUNDLE_EXECUTABLE_FOLDER_PATH)/MeLi Challenge";
			};
			name = Release;
		};
		F7275DAF29F4673E00A7387E /* Debug */ = {
			isa = XCBuildConfiguration;
			buildSettings = {
				ALWAYS_EMBED_SWIFT_STANDARD_LIBRARIES = YES;
				CODE_SIGN_STYLE = Automatic;
				CURRENT_PROJECT_VERSION = 1;
				DEVELOPMENT_TEAM = VQ4VPY8WKD;
				GENERATE_INFOPLIST_FILE = YES;
				MARKETING_VERSION = 1.0;
				PRODUCT_BUNDLE_IDENTIFIER = "com.bobrek.MeLi-ChallengeUITests";
				PRODUCT_NAME = "$(TARGET_NAME)";
				SWIFT_EMIT_LOC_STRINGS = NO;
				SWIFT_VERSION = 5.0;
				TARGETED_DEVICE_FAMILY = "1,2";
				TEST_TARGET_NAME = "MeLi Challenge";
			};
			name = Debug;
		};
		F7275DB029F4673E00A7387E /* Release */ = {
			isa = XCBuildConfiguration;
			buildSettings = {
				ALWAYS_EMBED_SWIFT_STANDARD_LIBRARIES = YES;
				CODE_SIGN_STYLE = Automatic;
				CURRENT_PROJECT_VERSION = 1;
				DEVELOPMENT_TEAM = VQ4VPY8WKD;
				GENERATE_INFOPLIST_FILE = YES;
				MARKETING_VERSION = 1.0;
				PRODUCT_BUNDLE_IDENTIFIER = "com.bobrek.MeLi-ChallengeUITests";
				PRODUCT_NAME = "$(TARGET_NAME)";
				SWIFT_EMIT_LOC_STRINGS = NO;
				SWIFT_VERSION = 5.0;
				TARGETED_DEVICE_FAMILY = "1,2";
				TEST_TARGET_NAME = "MeLi Challenge";
			};
			name = Release;
		};
/* End XCBuildConfiguration section */

/* Begin XCConfigurationList section */
		F7275D7F29F4673B00A7387E /* Build configuration list for PBXProject "MeLi Challenge" */ = {
			isa = XCConfigurationList;
			buildConfigurations = (
				F7275DA629F4673E00A7387E /* Debug */,
				F7275DA729F4673E00A7387E /* Release */,
			);
			defaultConfigurationIsVisible = 0;
			defaultConfigurationName = Release;
		};
		F7275DA829F4673E00A7387E /* Build configuration list for PBXNativeTarget "MeLi Challenge" */ = {
			isa = XCConfigurationList;
			buildConfigurations = (
				F7275DA929F4673E00A7387E /* Debug */,
				F7275DAA29F4673E00A7387E /* Release */,
			);
			defaultConfigurationIsVisible = 0;
			defaultConfigurationName = Release;
		};
		F7275DAB29F4673E00A7387E /* Build configuration list for PBXNativeTarget "MeLi ChallengeTests" */ = {
			isa = XCConfigurationList;
			buildConfigurations = (
				F7275DAC29F4673E00A7387E /* Debug */,
				F7275DAD29F4673E00A7387E /* Release */,
			);
			defaultConfigurationIsVisible = 0;
			defaultConfigurationName = Release;
		};
		F7275DAE29F4673E00A7387E /* Build configuration list for PBXNativeTarget "MeLi ChallengeUITests" */ = {
			isa = XCConfigurationList;
			buildConfigurations = (
				F7275DAF29F4673E00A7387E /* Debug */,
				F7275DB029F4673E00A7387E /* Release */,
			);
			defaultConfigurationIsVisible = 0;
			defaultConfigurationName = Release;
		};
/* End XCConfigurationList section */
	};
	rootObject = F7275D7C29F4673B00A7387E /* Project object */;
}
